
Microsoft Visual Studio Solution File, Format Version 12.00
# Visual Studio Version 16
VisualStudioVersion = 16.0.29613.14
MinimumVisualStudioVersion = 10.0.40219.1
Project("{FAE04EC0-301F-11D3-BF4B-00C04F79EFBC}") = "CMP1903ML08a", "CMP1903ML08a.csproj", "{9548C12C-697F-43AB-AFED-69D0A4D7DDE1}"
EndProject
Global
	GlobalSection(SolutionConfigurationPlatforms) = preSolution
		Debug|Any CPU = Debug|Any CPU
		Release|Any CPU = Release|Any CPU
	EndGlobalSection
	GlobalSection(ProjectConfigurationPlatforms) = postSolution
		{9548C12C-697F-43AB-AFED-69D0A4D7DDE1}.Debug|Any CPU.ActiveCfg = Debug|Any CPU
		{9548C12C-697F-43AB-AFED-69D0A4D7DDE1}.Debug|Any CPU.Build.0 = Debug|Any CPU
		{9548C12C-697F-43AB-AFED-69D0A4D7DDE1}.Release|Any CPU.ActiveCfg = Release|Any CPU
		{9548C12C-697F-43AB-AFED-69D0A4D7DDE1}.Release|Any CPU.Build.0 = Release|Any CPU
	EndGlobalSection
	GlobalSection(SolutionProperties) = preSolution
		HideSolutionNode = FALSE
	EndGlobalSection
	GlobalSection(ExtensibilityGlobals) = postSolution
		SolutionGuid = {E87188CE-C2C9-4E27-8CCB-1FBE49D72B42}
	EndGlobalSection
EndGlobal
